
Microsoft Visual Studio Solution File, Format Version 12.00
# Visual Studio Version 17
VisualStudioVersion = 17.5.002.0
MinimumVisualStudioVersion = 10.0.40219.1
Project("{9A19103F-16F7-4668-BE54-9A1E7A4F7556}") = "TaskManagerAssistant.Client", "TaskManagerAssistant.Client\TaskManagerAssistant.Client.csproj", "{4371566B-D2A8-452A-B7B6-E86C0964DD5E}"
EndProject
Global
	GlobalSection(SolutionConfigurationPlatforms) = preSolution
		Debug|Any CPU = Debug|Any CPU
		Release|Any CPU = Release|Any CPU
	EndGlobalSection
	GlobalSection(ProjectConfigurationPlatforms) = postSolution
		{4371566B-D2A8-452A-B7B6-E86C0964DD5E}.Debug|Any CPU.ActiveCfg = Debug|Any CPU
		{4371566B-D2A8-452A-B7B6-E86C0964DD5E}.Debug|Any CPU.Build.0 = Debug|Any CPU
		{4371566B-D2A8-452A-B7B6-E86C0964DD5E}.Release|Any CPU.ActiveCfg = Release|Any CPU
		{4371566B-D2A8-452A-B7B6-E86C0964DD5E}.Release|Any CPU.Build.0 = Release|Any CPU
	EndGlobalSection
	GlobalSection(SolutionProperties) = preSolution
		HideSolutionNode = FALSE
	EndGlobalSection
	GlobalSection(ExtensibilityGlobals) = postSolution
		SolutionGuid = {0169A1FA-A043-4003-A0DE-EDFDCBCD185E}
	EndGlobalSection
EndGlobal
